// !$*UTF8*$!
{
	archiveVersion = 1;
	classes = {
	};
	objectVersion = 56;
	objects = {

/* Begin PBXBuildFile section */
		496CCF432A139FB4002ADCD3 /* gas_clonApp.swift in Sources */ = {isa = PBXBuildFile; fileRef = 496CCF422A139FB4002ADCD3 /* gas_clonApp.swift */; };
		496CCF452A139FB4002ADCD3 /* ContentView.swift in Sources */ = {isa = PBXBuildFile; fileRef = 496CCF442A139FB4002ADCD3 /* ContentView.swift */; };
		496CCF472A139FB5002ADCD3 /* Assets.xcassets in Resources */ = {isa = PBXBuildFile; fileRef = 496CCF462A139FB5002ADCD3 /* Assets.xcassets */; };
		496CCF4A2A139FB5002ADCD3 /* Preview Assets.xcassets in Resources */ = {isa = PBXBuildFile; fileRef = 496CCF492A139FB5002ADCD3 /* Preview Assets.xcassets */; };
		496CCF512A139FDB002ADCD3 /* getStarted.swift in Sources */ = {isa = PBXBuildFile; fileRef = 496CCF502A139FDB002ADCD3 /* getStarted.swift */; };
		499012312A13AEE600062C0D /* introPage.swift in Sources */ = {isa = PBXBuildFile; fileRef = 499012302A13AEE600062C0D /* introPage.swift */; };
		499012352A13AF8800062C0D /* FindSchoolPage.swift in Sources */ = {isa = PBXBuildFile; fileRef = 499012342A13AF8800062C0D /* FindSchoolPage.swift */; };
		499012372A1499C900062C0D /* AddProfilePhotoPage.swift in Sources */ = {isa = PBXBuildFile; fileRef = 499012362A1499C900062C0D /* AddProfilePhotoPage.swift */; };
		499012392A14A02800062C0D /* chooseProfilePhotoPage.swift in Sources */ = {isa = PBXBuildFile; fileRef = 499012382A14A02800062C0D /* chooseProfilePhotoPage.swift */; };
		4990123B2A14A43B00062C0D /* ConfirmProfilePhoto.swift in Sources */ = {isa = PBXBuildFile; fileRef = 4990123A2A14A43B00062C0D /* ConfirmProfilePhoto.swift */; };
		4990123D2A14A7B200062C0D /* EnterPhoneNumberPage.swift in Sources */ = {isa = PBXBuildFile; fileRef = 4990123C2A14A7B200062C0D /* EnterPhoneNumberPage.swift */; };
		4990123F2A14AF7500062C0D /* confirmphonePage.swift in Sources */ = {isa = PBXBuildFile; fileRef = 4990123E2A14AF7500062C0D /* confirmphonePage.swift */; };
/* End PBXBuildFile section */

/* Begin PBXFileReference section */
		496CCF3F2A139FB4002ADCD3 /* gas clon.app */ = {isa = PBXFileReference; explicitFileType = wrapper.application; includeInIndex = 0; path = "gas clon.app"; sourceTree = BUILT_PRODUCTS_DIR; };
		496CCF422A139FB4002ADCD3 /* gas_clonApp.swift */ = {isa = PBXFileReference; lastKnownFileType = sourcecode.swift; path = gas_clonApp.swift; sourceTree = "<group>"; };
		496CCF442A139FB4002ADCD3 /* ContentView.swift */ = {isa = PBXFileReference; lastKnownFileType = sourcecode.swift; path = ContentView.swift; sourceTree = "<group>"; };
		496CCF462A139FB5002ADCD3 /* Assets.xcassets */ = {isa = PBXFileReference; lastKnownFileType = folder.assetcatalog; path = Assets.xcassets; sourceTree = "<group>"; };
		496CCF492A139FB5002ADCD3 /* Preview Assets.xcassets */ = {isa = PBXFileReference; lastKnownFileType = folder.assetcatalog; path = "Preview Assets.xcassets"; sourceTree = "<group>"; };
		496CCF502A139FDB002ADCD3 /* getStarted.swift */ = {isa = PBXFileReference; lastKnownFileType = sourcecode.swift; path = getStarted.swift; sourceTree = "<group>"; };
		499012302A13AEE600062C0D /* introPage.swift */ = {isa = PBXFileReference; lastKnownFileType = sourcecode.swift; path = introPage.swift; sourceTree = "<group>"; };
		499012342A13AF8800062C0D /* FindSchoolPage.swift */ = {isa = PBXFileReference; lastKnownFileType = sourcecode.swift; path = FindSchoolPage.swift; sourceTree = "<group>"; };
		499012362A1499C900062C0D /* AddProfilePhotoPage.swift */ = {isa = PBXFileReference; lastKnownFileType = sourcecode.swift; path = AddProfilePhotoPage.swift; sourceTree = "<group>"; };
		499012382A14A02800062C0D /* chooseProfilePhotoPage.swift */ = {isa = PBXFileReference; lastKnownFileType = sourcecode.swift; path = chooseProfilePhotoPage.swift; sourceTree = "<group>"; };
		4990123A2A14A43B00062C0D /* ConfirmProfilePhoto.swift */ = {isa = PBXFileReference; lastKnownFileType = sourcecode.swift; path = ConfirmProfilePhoto.swift; sourceTree = "<group>"; };
		4990123C2A14A7B200062C0D /* EnterPhoneNumberPage.swift */ = {isa = PBXFileReference; lastKnownFileType = sourcecode.swift; path = EnterPhoneNumberPage.swift; sourceTree = "<group>"; };
		4990123E2A14AF7500062C0D /* confirmphonePage.swift */ = {isa = PBXFileReference; lastKnownFileType = sourcecode.swift; path = confirmphonePage.swift; sourceTree = "<group>"; };
/* End PBXFileReference section */

/* Begin PBXFrameworksBuildPhase section */
		496CCF3C2A139FB4002ADCD3 /* Frameworks */ = {
			isa = PBXFrameworksBuildPhase;
			buildActionMask = 2147483647;
			files = (
			);
			runOnlyForDeploymentPostprocessing = 0;
		};
/* End PBXFrameworksBuildPhase section */

/* Begin PBXGroup section */
		496CCF362A139FB4002ADCD3 = {
			isa = PBXGroup;
			children = (
				496CCF412A139FB4002ADCD3 /* gas clon */,
				496CCF402A139FB4002ADCD3 /* Products */,
			);
			sourceTree = "<group>";
		};
		496CCF402A139FB4002ADCD3 /* Products */ = {
			isa = PBXGroup;
			children = (
				496CCF3F2A139FB4002ADCD3 /* gas clon.app */,
			);
			name = Products;
			sourceTree = "<group>";
		};
		496CCF412A139FB4002ADCD3 /* gas clon */ = {
			isa = PBXGroup;
			children = (
				496CCF422A139FB4002ADCD3 /* gas_clonApp.swift */,
				499012362A1499C900062C0D /* AddProfilePhotoPage.swift */,
				4990123C2A14A7B200062C0D /* EnterPhoneNumberPage.swift */,
				499012302A13AEE600062C0D /* introPage.swift */,
				4990123A2A14A43B00062C0D /* ConfirmProfilePhoto.swift */,
				4990123E2A14AF7500062C0D /* confirmphonePage.swift */,
				499012382A14A02800062C0D /* chooseProfilePhotoPage.swift */,
				496CCF442A139FB4002ADCD3 /* ContentView.swift */,
				496CCF502A139FDB002ADCD3 /* getStarted.swift */,
				499012342A13AF8800062C0D /* FindSchoolPage.swift */,
				4990122F2A13AE0C00062C0D /* Componnants */,
				496CCF462A139FB5002ADCD3 /* Assets.xcassets */,
				496CCF482A139FB5002ADCD3 /* Preview Content */,
			);
			path = "gas clon";
			sourceTree = "<group>";
		};
		496CCF482A139FB5002ADCD3 /* Preview Content */ = {
			isa = PBXGroup;
			children = (
				496CCF492A139FB5002ADCD3 /* Preview Assets.xcassets */,
			);
			path = "Preview Content";
			sourceTree = "<group>";
		};
		4990122F2A13AE0C00062C0D /* Componnants */ = {
			isa = PBXGroup;
			children = (
			);
			path = Componnants;
			sourceTree = "<group>";
		};
/* End PBXGroup section */

/* Begin PBXNativeTarget section */
		496CCF3E2A139FB4002ADCD3 /* gas clon */ = {
			isa = PBXNativeTarget;
			buildConfigurationList = 496CCF4D2A139FB5002ADCD3 /* Build configuration list for PBXNativeTarget "gas clon" */;
			buildPhases = (
				496CCF3B2A139FB4002ADCD3 /* Sources */,
				496CCF3C2A139FB4002ADCD3 /* Frameworks */,
				496CCF3D2A139FB4002ADCD3 /* Resources */,
			);
			buildRules = (
			);
			dependencies = (
			);
			name = "gas clon";
			productName = "gas clon";
			productReference = 496CCF3F2A139FB4002ADCD3 /* gas clon.app */;
			productType = "com.apple.product-type.application";
		};
/* End PBXNativeTarget section */

/* Begin PBXProject section */
		496CCF372A139FB4002ADCD3 /* Project object */ = {
			isa = PBXProject;
			attributes = {
				BuildIndependentTargetsInParallel = 1;
				LastSwiftUpdateCheck = 1430;
				LastUpgradeCheck = 1430;
				TargetAttributes = {
					496CCF3E2A139FB4002ADCD3 = {
						CreatedOnToolsVersion = 14.3;
					};
				};
			};
			buildConfigurationList = 496CCF3A2A139FB4002ADCD3 /* Build configuration list for PBXProject "gas clon" */;
			compatibilityVersion = "Xcode 14.0";
			developmentRegion = en;
			hasScannedForEncodings = 0;
			knownRegions = (
				en,
				Base,
			);
			mainGroup = 496CCF362A139FB4002ADCD3;
			productRefGroup = 496CCF402A139FB4002ADCD3 /* Products */;
			projectDirPath = "";
			projectRoot = "";
			targets = (
				496CCF3E2A139FB4002ADCD3 /* gas clon */,
			);
		};
/* End PBXProject section */

/* Begin PBXResourcesBuildPhase section */
		496CCF3D2A139FB4002ADCD3 /* Resources */ = {
			isa = PBXResourcesBuildPhase;
			buildActionMask = 2147483647;
			files = (
				496CCF4A2A139FB5002ADCD3 /* Preview Assets.xcassets in Resources */,
				496CCF472A139FB5002ADCD3 /* Assets.xcassets in Resources */,
			);
			runOnlyForDeploymentPostprocessing = 0;
		};
/* End PBXResourcesBuildPhase section */

/* Begin PBXSourcesBuildPhase section */
		496CCF3B2A139FB4002ADCD3 /* Sources */ = {
			isa = PBXSourcesBuildPhase;
			buildActionMask = 2147483647;
			files = (
				499012392A14A02800062C0D /* chooseProfilePhotoPage.swift in Sources */,
				496CCF452A139FB4002ADCD3 /* ContentView.swift in Sources */,
				496CCF512A139FDB002ADCD3 /* getStarted.swift in Sources */,
				4990123D2A14A7B200062C0D /* EnterPhoneNumberPage.swift in Sources */,
				496CCF432A139FB4002ADCD3 /* gas_clonApp.swift in Sources */,
				499012312A13AEE600062C0D /* introPage.swift in Sources */,
				499012372A1499C900062C0D /* AddProfilePhotoPage.swift in Sources */,
				499012352A13AF8800062C0D /* FindSchoolPage.swift in Sources */,
				4990123F2A14AF7500062C0D /* confirmphonePage.swift in Sources */,
				4990123B2A14A43B00062C0D /* ConfirmProfilePhoto.swift in Sources */,
			);
			runOnlyForDeploymentPostprocessing = 0;
		};
/* End PBXSourcesBuildPhase section */

/* Begin XCBuildConfiguration section */
		496CCF4B2A139FB5002ADCD3 /* Debug */ = {
			isa = XCBuildConfiguration;
			buildSettings = {
				ALWAYS_SEARCH_USER_PATHS = NO;
				CLANG_ANALYZER_NONNULL = YES;
				CLANG_ANALYZER_NUMBER_OBJECT_CONVERSION = YES_AGGRESSIVE;
				CLANG_CXX_LANGUAGE_STANDARD = "gnu++20";
				CLANG_ENABLE_MODULES = YES;
				CLANG_ENABLE_OBJC_ARC = YES;
				CLANG_ENABLE_OBJC_WEAK = YES;
				CLANG_WARN_BLOCK_CAPTURE_AUTORELEASING = YES;
				CLANG_WARN_BOOL_CONVERSION = YES;
				CLANG_WARN_COMMA = YES;
				CLANG_WARN_CONSTANT_CONVERSION = YES;
				CLANG_WARN_DEPRECATED_OBJC_IMPLEMENTATIONS = YES;
				CLANG_WARN_DIRECT_OBJC_ISA_USAGE = YES_ERROR;
				CLANG_WARN_DOCUMENTATION_COMMENTS = YES;
				CLANG_WARN_EMPTY_BODY = YES;
				CLANG_WARN_ENUM_CONVERSION = YES;
				CLANG_WARN_INFINITE_RECURSION = YES;
				CLANG_WARN_INT_CONVERSION = YES;
				CLANG_WARN_NON_LITERAL_NULL_CONVERSION = YES;
				CLANG_WARN_OBJC_IMPLICIT_RETAIN_SELF = YES;
				CLANG_WARN_OBJC_LITERAL_CONVERSION = YES;
				CLANG_WARN_OBJC_ROOT_CLASS = YES_ERROR;
				CLANG_WARN_QUOTED_INCLUDE_IN_FRAMEWORK_HEADER = YES;
				CLANG_WARN_RANGE_LOOP_ANALYSIS = YES;
				CLANG_WARN_STRICT_PROTOTYPES = YES;
				CLANG_WARN_SUSPICIOUS_MOVE = YES;
				CLANG_WARN_UNGUARDED_AVAILABILITY = YES_AGGRESSIVE;
				CLANG_WARN_UNREACHABLE_CODE = YES;
				CLANG_WARN__DUPLICATE_METHOD_MATCH = YES;
				COPY_PHASE_STRIP = NO;
				DEBUG_INFORMATION_FORMAT = dwarf;
				ENABLE_STRICT_OBJC_MSGSEND = YES;
				ENABLE_TESTABILITY = YES;
				GCC_C_LANGUAGE_STANDARD = gnu11;
				GCC_DYNAMIC_NO_PIC = NO;
				GCC_NO_COMMON_BLOCKS = YES;
				GCC_OPTIMIZATION_LEVEL = 0;
				GCC_PREPROCESSOR_DEFINITIONS = (
					"DEBUG=1",
					"$(inherited)",
				);
				GCC_WARN_64_TO_32_BIT_CONVERSION = YES;
				GCC_WARN_ABOUT_RETURN_TYPE = YES_ERROR;
				GCC_WARN_UNDECLARED_SELECTOR = YES;
				GCC_WARN_UNINITIALIZED_AUTOS = YES_AGGRESSIVE;
				GCC_WARN_UNUSED_FUNCTION = YES;
				GCC_WARN_UNUSED_VARIABLE = YES;
				IPHONEOS_DEPLOYMENT_TARGET = 16.4;
				MTL_ENABLE_DEBUG_INFO = INCLUDE_SOURCE;
				MTL_FAST_MATH = YES;
				ONLY_ACTIVE_ARCH = YES;
				SDKROOT = iphoneos;
				SWIFT_ACTIVE_COMPILATION_CONDITIONS = DEBUG;
				SWIFT_OPTIMIZATION_LEVEL = "-Onone";
			};
			name = Debug;
		};
		496CCF4C2A139FB5002ADCD3 /* Release */ = {
			isa = XCBuildConfiguration;
			buildSettings = {
				ALWAYS_SEARCH_USER_PATHS = NO;
				CLANG_ANALYZER_NONNULL = YES;
				CLANG_ANALYZER_NUMBER_OBJECT_CONVERSION = YES_AGGRESSIVE;
				CLANG_CXX_LANGUAGE_STANDARD = "gnu++20";
				CLANG_ENABLE_MODULES = YES;
				CLANG_ENABLE_OBJC_ARC = YES;
				CLANG_ENABLE_OBJC_WEAK = YES;
				CLANG_WARN_BLOCK_CAPTURE_AUTORELEASING = YES;
				CLANG_WARN_BOOL_CONVERSION = YES;
				CLANG_WARN_COMMA = YES;
				CLANG_WARN_CONSTANT_CONVERSION = YES;
				CLANG_WARN_DEPRECATED_OBJC_IMPLEMENTATIONS = YES;
				CLANG_WARN_DIRECT_OBJC_ISA_USAGE = YES_ERROR;
				CLANG_WARN_DOCUMENTATION_COMMENTS = YES;
				CLANG_WARN_EMPTY_BODY = YES;
				CLANG_WARN_ENUM_CONVERSION = YES;
				CLANG_WARN_INFINITE_RECURSION = YES;
				CLANG_WARN_INT_CONVERSION = YES;
				CLANG_WARN_NON_LITERAL_NULL_CONVERSION = YES;
				CLANG_WARN_OBJC_IMPLICIT_RETAIN_SELF = YES;
				CLANG_WARN_OBJC_LITERAL_CONVERSION = YES;
				CLANG_WARN_OBJC_ROOT_CLASS = YES_ERROR;
				CLANG_WARN_QUOTED_INCLUDE_IN_FRAMEWORK_HEADER = YES;
				CLANG_WARN_RANGE_LOOP_ANALYSIS = YES;
				CLANG_WARN_STRICT_PROTOTYPES = YES;
				CLANG_WARN_SUSPICIOUS_MOVE = YES;
				CLANG_WARN_UNGUARDED_AVAILABILITY = YES_AGGRESSIVE;
				CLANG_WARN_UNREACHABLE_CODE = YES;
				CLANG_WARN__DUPLICATE_METHOD_MATCH = YES;
				COPY_PHASE_STRIP = NO;
				DEBUG_INFORMATION_FORMAT = "dwarf-with-dsym";
				ENABLE_NS_ASSERTIONS = NO;
				ENABLE_STRICT_OBJC_MSGSEND = YES;
				GCC_C_LANGUAGE_STANDARD = gnu11;
				GCC_NO_COMMON_BLOCKS = YES;
				GCC_WARN_64_TO_32_BIT_CONVERSION = YES;
				GCC_WARN_ABOUT_RETURN_TYPE = YES_ERROR;
				GCC_WARN_UNDECLARED_SELECTOR = YES;
				GCC_WARN_UNINITIALIZED_AUTOS = YES_AGGRESSIVE;
				GCC_WARN_UNUSED_FUNCTION = YES;
				GCC_WARN_UNUSED_VARIABLE = YES;
				IPHONEOS_DEPLOYMENT_TARGET = 16.4;
				MTL_ENABLE_DEBUG_INFO = NO;
				MTL_FAST_MATH = YES;
				SDKROOT = iphoneos;
				SWIFT_COMPILATION_MODE = wholemodule;
				SWIFT_OPTIMIZATION_LEVEL = "-O";
				VALIDATE_PRODUCT = YES;
			};
			name = Release;
		};
		496CCF4E2A139FB5002ADCD3 /* Debug */ = {
			isa = XCBuildConfiguration;
			buildSettings = {
				ASSETCATALOG_COMPILER_APPICON_NAME = AppIcon;
				ASSETCATALOG_COMPILER_GLOBAL_ACCENT_COLOR_NAME = AccentColor;
				CODE_SIGN_STYLE = Automatic;
				CURRENT_PROJECT_VERSION = 1;
				DEVELOPMENT_ASSET_PATHS = "\"gas clon/Preview Content\"";
				ENABLE_PREVIEWS = YES;
				GENERATE_INFOPLIST_FILE = YES;
				INFOPLIST_KEY_UIApplicationSceneManifest_Generation = YES;
				INFOPLIST_KEY_UIApplicationSupportsIndirectInputEvents = YES;
				INFOPLIST_KEY_UILaunchScreen_Generation = YES;
				INFOPLIST_KEY_UISupportedInterfaceOrientations_iPad = "UIInterfaceOrientationPortrait UIInterfaceOrientationPortraitUpsideDown UIInterfaceOrientationLandscapeLeft UIInterfaceOrientationLandscapeRight";
				INFOPLIST_KEY_UISupportedInterfaceOrientations_iPhone = "UIInterfaceOrientationPortrait UIInterfaceOrientationLandscapeLeft UIInterfaceOrientationLandscapeRight";
				LD_RUNPATH_SEARCH_PATHS = (
					"$(inherited)",
					"@executable_path/Frameworks",
				);
				MARKETING_VERSION = 1.0;
				PRODUCT_BUNDLE_IDENTIFIER = "me.gas-clon";
				PRODUCT_NAME = "$(TARGET_NAME)";
				SWIFT_EMIT_LOC_STRINGS = YES;
				SWIFT_VERSION = 5.0;
				TARGETED_DEVICE_FAMILY = "1,2";
			};
			name = Debug;
		};
		496CCF4F2A139FB5002ADCD3 /* Release */ = {
			isa = XCBuildConfiguration;
			buildSettings = {
				ASSETCATALOG_COMPILER_APPICON_NAME = AppIcon;
				ASSETCATALOG_COMPILER_GLOBAL_ACCENT_COLOR_NAME = AccentColor;
				CODE_SIGN_STYLE = Automatic;
				CURRENT_PROJECT_VERSION = 1;
				DEVELOPMENT_ASSET_PATHS = "\"gas clon/Preview Content\"";
				ENABLE_PREVIEWS = YES;
				GENERATE_INFOPLIST_FILE = YES;
				INFOPLIST_KEY_UIApplicationSceneManifest_Generation = YES;
				INFOPLIST_KEY_UIApplicationSupportsIndirectInputEvents = YES;
				INFOPLIST_KEY_UILaunchScreen_Generation = YES;
				INFOPLIST_KEY_UISupportedInterfaceOrientations_iPad = "UIInterfaceOrientationPortrait UIInterfaceOrientationPortraitUpsideDown UIInterfaceOrientationLandscapeLeft UIInterfaceOrientationLandscapeRight";
				INFOPLIST_KEY_UISupportedInterfaceOrientations_iPhone = "UIInterfaceOrientationPortrait UIInterfaceOrientationLandscapeLeft UIInterfaceOrientationLandscapeRight";
				LD_RUNPATH_SEARCH_PATHS = (
					"$(inherited)",
					"@executable_path/Frameworks",
				);
				MARKETING_VERSION = 1.0;
				PRODUCT_BUNDLE_IDENTIFIER = "me.gas-clon";
				PRODUCT_NAME = "$(TARGET_NAME)";
				SWIFT_EMIT_LOC_STRINGS = YES;
				SWIFT_VERSION = 5.0;
				TARGETED_DEVICE_FAMILY = "1,2";
			};
			name = Release;
		};
/* End XCBuildConfiguration section */

/* Begin XCConfigurationList section */
		496CCF3A2A139FB4002ADCD3 /* Build configuration list for PBXProject "gas clon" */ = {
			isa = XCConfigurationList;
			buildConfigurations = (
				496CCF4B2A139FB5002ADCD3 /* Debug */,
				496CCF4C2A139FB5002ADCD3 /* Release */,
			);
			defaultConfigurationIsVisible = 0;
			defaultConfigurationName = Release;
		};
		496CCF4D2A139FB5002ADCD3 /* Build configuration list for PBXNativeTarget "gas clon" */ = {
			isa = XCConfigurationList;
			buildConfigurations = (
				496CCF4E2A139FB5002ADCD3 /* Debug */,
				496CCF4F2A139FB5002ADCD3 /* Release */,
			);
			defaultConfigurationIsVisible = 0;
			defaultConfigurationName = Release;
		};
/* End XCConfigurationList section */
	};
	rootObject = 496CCF372A139FB4002ADCD3 /* Project object */;
}
